<?xml version="1.0" encoding="utf-8"?>
<Project ToolsVersion="4.0" xmlns="http://schemas.microsoft.com/developer/msbuild/2003">
  <ItemGroup>
    <ClCompile Include="stdafx.cpp" />
    <ClCompile Include="Application\Application.cpp">
      <Filter>x_Application</Filter>
    </ClCompile>
    <ClCompile Include="Utility\Timer.cpp">
      <Filter>2_Utility</Filter>
    </ClCompile>
  </ItemGroup>
  <ItemGroup>
    <ClInclude Include="stdafx.h" />
    <ClInclude Include="BaseHeader.h" />
    <ClInclude Include="Base\DetectOS.h">
      <Filter>0_Base</Filter>
    </ClInclude>
    <ClInclude Include="Base\EngineVersionConst.h">
      <Filter>0_Base</Filter>
    </ClInclude>
    <ClInclude Include="Base\VersionOSConst.h">
      <Filter>0_Base</Filter>
    </ClInclude>
    <ClInclude Include="Base\BaseMacros.h">
      <Filter>0_Base</Filter>
    </ClInclude>
    <ClInclude Include="Base\ConfigEngine.h">
      <Filter>0_Base</Filter>
    </ClInclude>
    <ClInclude Include="Base\DetectCompiler.h">
      <Filter>0_Base</Filter>
    </ClInclude>
    <ClInclude Include="Utility\Version.h">
      <Filter>2_Utility</Filter>
    </ClInclude>
    <ClInclude Include="UtilityHeader.h" />
    <ClInclude Include="Application\Application.h">
      <Filter>x_Application</Filter>
    </ClInclude>
    <ClInclude Include="Application\ApplicationSettings.h">
      <Filter>x_Application</Filter>
    </ClInclude>
    <ClInclude Include="ApplicationHeader.h" />
    <ClInclude Include="Utility\Timer.h">
      <Filter>2_Utility</Filter>
    </ClInclude>
  </ItemGroup>
  <ItemGroup>
    <Filter Include="0_Base">
      <UniqueIdentifier>{a1cd305b-0c49-4ae6-ad9f-a14b9b407400}</UniqueIdentifier>
    </Filter>
    <Filter Include="1_Core">
      <UniqueIdentifier>{d718705e-21b5-45e2-bdd7-1afe309e949d}</UniqueIdentifier>
    </Filter>
    <Filter Include="2_Utility">
      <UniqueIdentifier>{0ef567a3-df2a-4196-98f4-72fea53ef287}</UniqueIdentifier>
    </Filter>
    <Filter Include="x_Application">
      <UniqueIdentifier>{300e355c-439e-45ff-a74c-237736a3baa6}</UniqueIdentifier>
    </Filter>
  </ItemGroup>
</Project>