<?xml version="1.0" encoding="utf-8"?>
<Project ToolsVersion="4.0" xmlns="http://schemas.microsoft.com/developer/msbuild/2003">
  <ItemGroup>
    <ClCompile Include="stdafx.cpp" />
    <ClCompile Include="iEngine.cpp">
      <Filter>lesson</Filter>
    </ClCompile>
    <ClCompile Include="lRenderSystem.cpp">
      <Filter>lesson</Filter>
    </ClCompile>
    <ClCompile Include="lWindow.cpp">
      <Filter>lesson</Filter>
    </ClCompile>
  </ItemGroup>
  <ItemGroup>
    <ClInclude Include="stdafx.h" />
    <ClInclude Include="iEngine.h">
      <Filter>lesson</Filter>
    </ClInclude>
    <ClInclude Include="lRenderSystem.h">
      <Filter>lesson</Filter>
    </ClInclude>
    <ClInclude Include="lUtils.h">
      <Filter>lesson</Filter>
    </ClInclude>
    <ClInclude Include="lVertex.h">
      <Filter>lesson</Filter>
    </ClInclude>
    <ClInclude Include="lWindow.h">
      <Filter>lesson</Filter>
    </ClInclude>
  </ItemGroup>
  <ItemGroup>
    <Filter Include="lesson">
      <UniqueIdentifier>{e68a30b6-224f-4f99-b1a6-5d18128c54c6}</UniqueIdentifier>
    </Filter>
  </ItemGroup>
</Project>